
Microsoft Visual Studio Solution File, Format Version 12.00
# Visual Studio Version 16
VisualStudioVersion = 16.0.30011.22
MinimumVisualStudioVersion = 10.0.40219.1
Project("{9A19103F-16F7-4668-BE54-9A1E7A4F7556}") = "FiratHoca", "FiratHoca.csproj", "{4D8BFBD9-B0A7-4037-82EC-FE35005610C6}"
EndProject
Global
	GlobalSection(SolutionConfigurationPlatforms) = preSolution
		Debug|Any CPU = Debug|Any CPU
		Release|Any CPU = Release|Any CPU
	EndGlobalSection
	GlobalSection(ProjectConfigurationPlatforms) = postSolution
		{4D8BFBD9-B0A7-4037-82EC-FE35005610C6}.Debug|Any CPU.ActiveCfg = Debug|Any CPU
		{4D8BFBD9-B0A7-4037-82EC-FE35005610C6}.Debug|Any CPU.Build.0 = Debug|Any CPU
		{4D8BFBD9-B0A7-4037-82EC-FE35005610C6}.Release|Any CPU.ActiveCfg = Release|Any CPU
		{4D8BFBD9-B0A7-4037-82EC-FE35005610C6}.Release|Any CPU.Build.0 = Release|Any CPU
	EndGlobalSection
	GlobalSection(SolutionProperties) = preSolution
		HideSolutionNode = FALSE
	EndGlobalSection
	GlobalSection(ExtensibilityGlobals) = postSolution
		SolutionGuid = {0A184CCC-D954-4721-9400-07C0162A323A}
	EndGlobalSection
EndGlobal
